
Microsoft Visual Studio Solution File, Format Version 12.00
Project("{FAE04EC0-301F-11D3-BF4B-00C04F79EFBC}") = "traveling-demo", "traveling-demo.csproj", "{0D45195F-0318-44A1-AA4F-BC08C1F39A9E}"
EndProject
Project("{FAE04EC0-301F-11D3-BF4B-00C04F79EFBC}") = "FeedReader", "..\FeedReader\FeedReader\FeedReader.csproj", "{DEE0D341-1A98-40DC-814C-B8C9204281C5}"
EndProject
Global
	GlobalSection(SolutionConfigurationPlatforms) = preSolution
		Debug|Any CPU = Debug|Any CPU
		Release|Any CPU = Release|Any CPU
	EndGlobalSection
	GlobalSection(ProjectConfigurationPlatforms) = postSolution
		{0D45195F-0318-44A1-AA4F-BC08C1F39A9E}.Debug|Any CPU.ActiveCfg = Debug|Any CPU
		{0D45195F-0318-44A1-AA4F-BC08C1F39A9E}.Debug|Any CPU.Build.0 = Debug|Any CPU
		{0D45195F-0318-44A1-AA4F-BC08C1F39A9E}.Release|Any CPU.ActiveCfg = Release|Any CPU
		{0D45195F-0318-44A1-AA4F-BC08C1F39A9E}.Release|Any CPU.Build.0 = Release|Any CPU
		{DEE0D341-1A98-40DC-814C-B8C9204281C5}.Debug|Any CPU.ActiveCfg = Debug|Any CPU
		{DEE0D341-1A98-40DC-814C-B8C9204281C5}.Debug|Any CPU.Build.0 = Debug|Any CPU
		{DEE0D341-1A98-40DC-814C-B8C9204281C5}.Release|Any CPU.ActiveCfg = Release|Any CPU
		{DEE0D341-1A98-40DC-814C-B8C9204281C5}.Release|Any CPU.Build.0 = Release|Any CPU
	EndGlobalSection
EndGlobal
